
Microsoft Visual Studio Solution File, Format Version 12.00
# Visual Studio 15
VisualStudioVersion = 15.0.27004.2005
MinimumVisualStudioVersion = 10.0.40219.1
Project("{FAE04EC0-301F-11D3-BF4B-00C04F79EFBC}") = "Ucp.Datos", "Ucp.Datos\Ucp.Datos.csproj", "{21F58F02-174B-4340-BEE5-0F9FC59F2EC6}"
EndProject
Global
	GlobalSection(SolutionConfigurationPlatforms) = preSolution
		Debug|Any CPU = Debug|Any CPU
		Release|Any CPU = Release|Any CPU
	EndGlobalSection
	GlobalSection(ProjectConfigurationPlatforms) = postSolution
		{21F58F02-174B-4340-BEE5-0F9FC59F2EC6}.Debug|Any CPU.ActiveCfg = Debug|Any CPU
		{21F58F02-174B-4340-BEE5-0F9FC59F2EC6}.Debug|Any CPU.Build.0 = Debug|Any CPU
		{21F58F02-174B-4340-BEE5-0F9FC59F2EC6}.Release|Any CPU.ActiveCfg = Release|Any CPU
		{21F58F02-174B-4340-BEE5-0F9FC59F2EC6}.Release|Any CPU.Build.0 = Release|Any CPU
	EndGlobalSection
	GlobalSection(SolutionProperties) = preSolution
		HideSolutionNode = FALSE
	EndGlobalSection
	GlobalSection(ExtensibilityGlobals) = postSolution
		SolutionGuid = {E3E97849-DAE7-4638-B7F8-3D37B034CA80}
	EndGlobalSection
EndGlobal
